
Microsoft Visual Studio Solution File, Format Version 12.00
Project("{FAE04EC0-301F-11D3-BF4B-00C04F79EFBC}") = "SolarX.API", "SolarX.API\SolarX.API.csproj", "{87C08FE0-5085-4E8C-8011-F30001478059}"
EndProject
Project("{FAE04EC0-301F-11D3-BF4B-00C04F79EFBC}") = "SolarX.REPOSITORY", "SolarX.REPOSITORY\SolarX.REPOSITORY.csproj", "{1A1AADAF-2464-4009-82D0-6084155092D3}"
EndProject
Project("{FAE04EC0-301F-11D3-BF4B-00C04F79EFBC}") = "SolarX.SERVICE", "SolarX.SERVICE\SolarX.SERVICE.csproj", "{64B60161-253D-4309-BA1D-DBCA69D9A7CE}"
EndProject
Global
	GlobalSection(SolutionConfigurationPlatforms) = preSolution
		Debug|Any CPU = Debug|Any CPU
		Release|Any CPU = Release|Any CPU
	EndGlobalSection
	GlobalSection(ProjectConfigurationPlatforms) = postSolution
		{87C08FE0-5085-4E8C-8011-F30001478059}.Debug|Any CPU.ActiveCfg = Debug|Any CPU
		{87C08FE0-5085-4E8C-8011-F30001478059}.Debug|Any CPU.Build.0 = Debug|Any CPU
		{87C08FE0-5085-4E8C-8011-F30001478059}.Release|Any CPU.ActiveCfg = Release|Any CPU
		{87C08FE0-5085-4E8C-8011-F30001478059}.Release|Any CPU.Build.0 = Release|Any CPU
		{1A1AADAF-2464-4009-82D0-6084155092D3}.Debug|Any CPU.ActiveCfg = Debug|Any CPU
		{1A1AADAF-2464-4009-82D0-6084155092D3}.Debug|Any CPU.Build.0 = Debug|Any CPU
		{1A1AADAF-2464-4009-82D0-6084155092D3}.Release|Any CPU.ActiveCfg = Release|Any CPU
		{1A1AADAF-2464-4009-82D0-6084155092D3}.Release|Any CPU.Build.0 = Release|Any CPU
		{64B60161-253D-4309-BA1D-DBCA69D9A7CE}.Debug|Any CPU.ActiveCfg = Debug|Any CPU
		{64B60161-253D-4309-BA1D-DBCA69D9A7CE}.Debug|Any CPU.Build.0 = Debug|Any CPU
		{64B60161-253D-4309-BA1D-DBCA69D9A7CE}.Release|Any CPU.ActiveCfg = Release|Any CPU
		{64B60161-253D-4309-BA1D-DBCA69D9A7CE}.Release|Any CPU.Build.0 = Release|Any CPU
	EndGlobalSection
EndGlobal
